
Microsoft Visual Studio Solution File, Format Version 12.00
# Visual Studio Version 17
VisualStudioVersion = 17.9.34723.18
MinimumVisualStudioVersion = 10.0.40219.1
Project("{FAE04EC0-301F-11D3-BF4B-00C04F79EFBC}") = "pryProyectoLaboratorio", "pryProyectoLaboratorio\pryProyectoLaboratorio.csproj", "{A17F511A-2FDC-4EF7-B263-B06C55A3DE52}"
EndProject
Global
	GlobalSection(SolutionConfigurationPlatforms) = preSolution
		Debug|Any CPU = Debug|Any CPU
		Release|Any CPU = Release|Any CPU
	EndGlobalSection
	GlobalSection(ProjectConfigurationPlatforms) = postSolution
		{A17F511A-2FDC-4EF7-B263-B06C55A3DE52}.Debug|Any CPU.ActiveCfg = Debug|Any CPU
		{A17F511A-2FDC-4EF7-B263-B06C55A3DE52}.Debug|Any CPU.Build.0 = Debug|Any CPU
		{A17F511A-2FDC-4EF7-B263-B06C55A3DE52}.Release|Any CPU.ActiveCfg = Release|Any CPU
		{A17F511A-2FDC-4EF7-B263-B06C55A3DE52}.Release|Any CPU.Build.0 = Release|Any CPU
	EndGlobalSection
	GlobalSection(SolutionProperties) = preSolution
		HideSolutionNode = FALSE
	EndGlobalSection
	GlobalSection(ExtensibilityGlobals) = postSolution
		SolutionGuid = {D7F0E3E4-A1E2-4DDD-9C96-D451642EDF6C}
	EndGlobalSection
EndGlobal
